github.com/parys410/go-say-hello v1.0.0 h1:eV4JQ3aR/54jblPwzIWQPpoaeA0iom5Hq8g7MAH6O3o=
github.com/parys410/go-say-hello v1.0.0/go.mod h1:Nneg9Aeivxg0HuUV/3+0MJEkLMvfqxLQb84PiYtkJ7M=
github.com/parys410/go-say-hello v1.1.0 h1:aO3laN4JEV7UC0Ta2xvRiJycSzAxCeHdMdMWbE2lhzA=
github.com/parys410/go-say-hello v1.1.0/go.mod h1:Nneg9Aeivxg0HuUV/3+0MJEkLMvfqxLQb84PiYtkJ7M=
github.com/parys410/go-say-hello/v2 v2.0.0 h1:ZS4WZc8AOBFb41zJPj5xuCszfwcQ4AgYbX1Cs4+zfas=
github.com/parys410/go-say-hello/v2 v2.0.0/go.mod h1:dCCRlE/JWpIwvjCooI6CrewxsQ5/5VQWiXx15SmqlmU=
